lockfileVersion: '9.0'

settings:
  autoInstallPeers: true
  excludeLinksFromLockfile: false

importers:

  .:
    devDependencies:
      '@types/node':
        specifier: ~22.0.0
        version: 22.0.3
      typescript:
        specifier: ~5.6.2
        version: 5.6.3

packages:

  '@types/node@22.0.3':
    resolution: {integrity: sha512-/e0NZtK2gs6Vk2DoyrXSZZ4AlamqTkx0CcKx1Aq8/P4ITlRgU9OtVf5fl+LXkWWJce1M89pkSlH6lJJEnK7bQA==}

  typescript@5.6.3:
    resolution: {integrity: sha512-hjcS1mhfuyi4WW8IWtjP7brDrG2cuDZukyrYrSauoXGNgx0S7zceP07adYkJycEr56BOUTNPzbInooiN3fn1qw==}
    engines: {node: '>=14.17'}
    hasBin: true

  undici-types@6.11.1:
    resolution: {integrity: sha512-mIDEX2ek50x0OlRgxryxsenE5XaQD4on5U2inY7RApK3SOJpofyw7uW2AyfMKkhAxXIceo2DeWGVGwyvng1GNQ==}

snapshots:

  '@types/node@22.0.3':
    dependencies:
      undici-types: 6.11.1

  typescript@5.6.3: {}

  undici-types@6.11.1: {}
